
Microsoft Visual Studio Solution File, Format Version 12.00
# Visual Studio Version 17
VisualStudioVersion = 17.8.34511.84
MinimumVisualStudioVersion = 10.0.40219.1
Project("{FAE04EC0-301F-11D3-BF4B-00C04F79EFBC}") = "ExemploAPICSharp", "ExemploAPICSharp\ExemploAPICSharp.csproj", "{6E97025A-5030-43FD-9095-304101389AE0}"
EndProject
Global
	GlobalSection(SolutionConfigurationPlatforms) = preSolution
		Debug|Any CPU = Debug|Any CPU
		Release|Any CPU = Release|Any CPU
	EndGlobalSection
	GlobalSection(ProjectConfigurationPlatforms) = postSolution
		{6E97025A-5030-43FD-9095-304101389AE0}.Debug|Any CPU.ActiveCfg = Debug|Any CPU
		{6E97025A-5030-43FD-9095-304101389AE0}.Debug|Any CPU.Build.0 = Debug|Any CPU
		{6E97025A-5030-43FD-9095-304101389AE0}.Release|Any CPU.ActiveCfg = Release|Any CPU
		{6E97025A-5030-43FD-9095-304101389AE0}.Release|Any CPU.Build.0 = Release|Any CPU
	EndGlobalSection
	GlobalSection(SolutionProperties) = preSolution
		HideSolutionNode = FALSE
	EndGlobalSection
	GlobalSection(ExtensibilityGlobals) = postSolution
		SolutionGuid = {B609C150-A211-4CA4-9004-F5EBEAF4A35B}
	EndGlobalSection
EndGlobal
